PODS:
  - CPExposure (0.1.0)
  - FBSnapshotTestCase (2.1.4):
    - FBSnapshotTestCase/SwiftSupport (= 2.1.4)
  - FBSnapshotTestCase/Core (2.1.4)
  - FBSnapshotTestCase/SwiftSupport (2.1.4):
    - FBSnapshotTestCase/Core

DEPENDENCIES:
  - CPExposure (from `../`)
  - FBSnapshotTestCase

EXTERNAL SOURCES:
  CPExposure:
    :path: ../

SPEC CHECKSUMS:
  CPExposure: 6e7cfda30e69b202252ee312deaa3e91ba0d381d
  FBSnapshotTestCase: 094f9f314decbabe373b87cc339bea235a63e07a

PODFILE CHECKSUM: 007214ed1ab933aa07d802b3339f8355e3d5e14f

COCOAPODS: 1.3.1
